# This file is machine-generated by `gh actions-lock`.
# Do not edit by hand; run `gh actions-lock` to update.
# Docs: https://gh.io/actions-lockfile
version: 'v0.0.2'
workflows:
    '.github/workflows/lint.yml':
        - 'actions/checkout@v4.3.1'
        - 'actions/setup-go@v5.6.0'
        - 'golangci/golangci-lint-action@v8.0.0'
    '.github/workflows/release.yml':
        - 'actions/checkout@v4.3.1'
        - 'actions/setup-go@v5.6.0'
        - 'goreleaser/goreleaser-action@v6.4.0'
        - 'sigstore/cosign-installer@v3.9.1'
    '.github/workflows/test.yml':
        - 'actions/checkout@v3.6.0'
        - 'actions/setup-go@v4.3.0'
dependencies:
    'actions/checkout@v3.6.0':
        ref: 'v3.6.0'
        commit: 'sha1-f43a0e5ff2bd294095638e18286ca9a3d1956745'
        owner_id: 44036562
        repo_id: 197814629
    'actions/checkout@v4.3.1':
        ref: 'v4.3.1'
        commit: 'sha1-d299bb2f85dc68e80f5afd71b5aa3d9c84cd1216'
        owner_id: 76956526
        repo_id: 1282008335
    'actions/setup-go@v4.3.0':
        ref: 'v4.3.0'
        commit: 'sha1-7b8cf10d4e4a01d4992d18a89f4d7dc5a3e6d6f4'
        owner_id: 44036562
        repo_id: 192624594
    'actions/setup-go@v5.6.0':
        ref: 'v5.6.0'
        commit: 'sha1-40f1582b2485089dde7abd97c1529aa768e1baff'
        owner_id: 44036562
        repo_id: 192624594
    'golangci/golangci-lint-action@v8.0.0':
        ref: 'v8.0.0'
        commit: 'sha1-4afd733a84b1f43292c63897423277bb7f4313a9'
        owner_id: 35628013
        repo_id: 232539879
    'goreleaser/goreleaser-action@v6.4.0':
        ref: 'v6.4.0'
        commit: 'sha1-e435ccd777264be153ace6237001ef4d979d3a7a'
        owner_id: 24697112
        repo_id: 209873006
    'sigstore/cosign-installer@v3.9.1':
        ref: 'v3.9.1'
        commit: 'sha1-398d4b0eeef1380460a10c8013a76f728fb906ac'
        owner_id: 71096353
        repo_id: 351211695
